
Microsoft Visual Studio Solution File, Format Version 12.00
# Visual Studio Version 16
VisualStudioVersion = 16.0.30001.183
MinimumVisualStudioVersion = 10.0.40219.1
Project("{9A19103F-16F7-4668-BE54-9A1E7A4F7556}") = "Signal.Api", "Signal.Api\Signal.Api.csproj", "{4E18437E-EA8F-4A7C-91EA-72AEFC5F802E}"
EndProject
Project("{FAE04EC0-301F-11D3-BF4B-00C04F79EFBC}") = "Signal.Infrastructure.AzureDevOps", "Signal.Infrastructure.AzureDevOps\Signal.Infrastructure.AzureDevOps.csproj", "{8CC80AE9-906E-4533-AB53-1289480789BD}"
EndProject
Global
	GlobalSection(SolutionConfigurationPlatforms) = preSolution
		Debug|Any CPU = Debug|Any CPU
		Release|Any CPU = Release|Any CPU
	EndGlobalSection
	GlobalSection(ProjectConfigurationPlatforms) = postSolution
		{4E18437E-EA8F-4A7C-91EA-72AEFC5F802E}.Debug|Any CPU.ActiveCfg = Debug|Any CPU
		{4E18437E-EA8F-4A7C-91EA-72AEFC5F802E}.Debug|Any CPU.Build.0 = Debug|Any CPU
		{4E18437E-EA8F-4A7C-91EA-72AEFC5F802E}.Release|Any CPU.ActiveCfg = Release|Any CPU
		{4E18437E-EA8F-4A7C-91EA-72AEFC5F802E}.Release|Any CPU.Build.0 = Release|Any CPU
		{8CC80AE9-906E-4533-AB53-1289480789BD}.Debug|Any CPU.ActiveCfg = Debug|Any CPU
		{8CC80AE9-906E-4533-AB53-1289480789BD}.Debug|Any CPU.Build.0 = Debug|Any CPU
		{8CC80AE9-906E-4533-AB53-1289480789BD}.Release|Any CPU.ActiveCfg = Release|Any CPU
		{8CC80AE9-906E-4533-AB53-1289480789BD}.Release|Any CPU.Build.0 = Release|Any CPU
	EndGlobalSection
	GlobalSection(SolutionProperties) = preSolution
		HideSolutionNode = FALSE
	EndGlobalSection
	GlobalSection(ExtensibilityGlobals) = postSolution
		SolutionGuid = {46B06AB8-117A-49FE-92EE-CBD00E067023}
	EndGlobalSection
EndGlobal
